
Microsoft Visual Studio Solution File, Format Version 12.00
# Visual Studio Version 17
VisualStudioVersion = 17.9.34723.18
MinimumVisualStudioVersion = 10.0.40219.1
Project("{FAE04EC0-301F-11D3-BF4B-00C04F79EFBC}") = "HitboxView", "HitboxView\HitboxView.csproj", "{B06DFC66-B071-4B36-980A-F9158B3C0E10}"
EndProject
Project("{9A19103F-16F7-4668-BE54-9A1E7A4F7556}") = "BHUDCommon", "BHUDCommon\BHUDCommon.csproj", "{BDD0EFA1-A8A0-4386-9454-C1C1D55F1F6A}"
EndProject
Project("{9A19103F-16F7-4668-BE54-9A1E7A4F7556}") = "NetCommon", "NetCommon\NetCommon.csproj", "{59E3BF21-B34C-41EE-9312-6590F71F4367}"
EndProject
Global
	GlobalSection(SolutionConfigurationPlatforms) = preSolution
		Debug|Any CPU = Debug|Any CPU
		Debug|x64 = Debug|x64
		Release|Any CPU = Release|Any CPU
		Release|x64 = Release|x64
	EndGlobalSection
	GlobalSection(ProjectConfigurationPlatforms) = postSolution
		{B06DFC66-B071-4B36-980A-F9158B3C0E10}.Debug|Any CPU.ActiveCfg = Debug|x64
		{B06DFC66-B071-4B36-980A-F9158B3C0E10}.Debug|Any CPU.Build.0 = Debug|x64
		{B06DFC66-B071-4B36-980A-F9158B3C0E10}.Debug|x64.ActiveCfg = Debug|x64
		{B06DFC66-B071-4B36-980A-F9158B3C0E10}.Debug|x64.Build.0 = Debug|x64
		{B06DFC66-B071-4B36-980A-F9158B3C0E10}.Release|Any CPU.ActiveCfg = Release|x64
		{B06DFC66-B071-4B36-980A-F9158B3C0E10}.Release|Any CPU.Build.0 = Release|x64
		{B06DFC66-B071-4B36-980A-F9158B3C0E10}.Release|x64.ActiveCfg = Release|x64
		{B06DFC66-B071-4B36-980A-F9158B3C0E10}.Release|x64.Build.0 = Release|x64
		{BDD0EFA1-A8A0-4386-9454-C1C1D55F1F6A}.Debug|Any CPU.ActiveCfg = Debug|x64
		{BDD0EFA1-A8A0-4386-9454-C1C1D55F1F6A}.Debug|Any CPU.Build.0 = Debug|x64
		{BDD0EFA1-A8A0-4386-9454-C1C1D55F1F6A}.Debug|x64.ActiveCfg = Debug|x64
		{BDD0EFA1-A8A0-4386-9454-C1C1D55F1F6A}.Debug|x64.Build.0 = Debug|x64
		{BDD0EFA1-A8A0-4386-9454-C1C1D55F1F6A}.Release|Any CPU.ActiveCfg = Release|x64
		{BDD0EFA1-A8A0-4386-9454-C1C1D55F1F6A}.Release|Any CPU.Build.0 = Release|x64
		{BDD0EFA1-A8A0-4386-9454-C1C1D55F1F6A}.Release|x64.ActiveCfg = Release|x64
		{BDD0EFA1-A8A0-4386-9454-C1C1D55F1F6A}.Release|x64.Build.0 = Release|x64
		{59E3BF21-B34C-41EE-9312-6590F71F4367}.Debug|Any CPU.ActiveCfg = Debug|Any CPU
		{59E3BF21-B34C-41EE-9312-6590F71F4367}.Debug|Any CPU.Build.0 = Debug|Any CPU
		{59E3BF21-B34C-41EE-9312-6590F71F4367}.Debug|x64.ActiveCfg = Debug|Any CPU
		{59E3BF21-B34C-41EE-9312-6590F71F4367}.Debug|x64.Build.0 = Debug|Any CPU
		{59E3BF21-B34C-41EE-9312-6590F71F4367}.Release|Any CPU.ActiveCfg = Release|Any CPU
		{59E3BF21-B34C-41EE-9312-6590F71F4367}.Release|Any CPU.Build.0 = Release|Any CPU
		{59E3BF21-B34C-41EE-9312-6590F71F4367}.Release|x64.ActiveCfg = Release|Any CPU
		{59E3BF21-B34C-41EE-9312-6590F71F4367}.Release|x64.Build.0 = Release|Any CPU
	EndGlobalSection
	GlobalSection(SolutionProperties) = preSolution
		HideSolutionNode = FALSE
	EndGlobalSection
	GlobalSection(ExtensibilityGlobals) = postSolution
		SolutionGuid = {2A16C77C-0199-418C-B1FC-A57377CC070D}
	EndGlobalSection
EndGlobal
